// !$*UTF8*$!
{
	archiveVersion = 1;
	classes = {
	};
	objectVersion = 46;
	objects = {

/* Begin PBXBuildFile section */
		F80723DD1DC7674900D259FD /* main.m in Sources */ = {isa = PBXBuildFile; fileRef = F80723DC1DC7674900D259FD /* main.m */; };
		F80723E01DC7674900D259FD /* AppDelegate.m in Sources */ = {isa = PBXBuildFile; fileRef = F80723DF1DC7674900D259FD /* AppDelegate.m */; };
		F80723E81DC7674900D259FD /* Assets.xcassets in Resources */ = {isa = PBXBuildFile; fileRef = F80723E71DC7674900D259FD /* Assets.xcassets */; };
		F80723EB1DC7674900D259FD /* LaunchScreen.storyboard in Resources */ = {isa = PBXBuildFile; fileRef = F80723E91DC7674900D259FD /* LaunchScreen.storyboard */; };
		F80723F61DC7674900D259FD /* WLTableViewTests.m in Sources */ = {isa = PBXBuildFile; fileRef = F80723F51DC7674900D259FD /* WLTableViewTests.m */; };
		F80724011DC7674900D259FD /* WLTableViewUITests.m in Sources */ = {isa = PBXBuildFile; fileRef = F80724001DC7674900D259FD /* WLTableViewUITests.m */; };
		F80724131DC776FB00D259FD /* WLTableViewBaseItem.m in Sources */ = {isa = PBXBuildFile; fileRef = F80724121DC776FB00D259FD /* WLTableViewBaseItem.m */; };
		F80724161DC77AA500D259FD /* WLTableViewBaseSectionObject.m in Sources */ = {isa = PBXBuildFile; fileRef = F80724151DC77AA500D259FD /* WLTableViewBaseSectionObject.m */; };
		F80724191DC838D300D259FD /* WLTableViewDataSource.m in Sources */ = {isa = PBXBuildFile; fileRef = F80724181DC838D300D259FD /* WLTableViewDataSource.m */; };
		F807241C1DC83D3A00D259FD /* WLBaseTableViewCell.m in Sources */ = {isa = PBXBuildFile; fileRef = F807241B1DC83D3A00D259FD /* WLBaseTableViewCell.m */; };
		F80724211DC8461700D259FD /* WLBaseTableView.m in Sources */ = {isa = PBXBuildFile; fileRef = F80724201DC8461700D259FD /* WLBaseTableView.m */; };
		F80724241DC8706800D259FD /* WLBaseTableViewController.m in Sources */ = {isa = PBXBuildFile; fileRef = F80724231DC8706800D259FD /* WLBaseTableViewController.m */; };
		F80724411DC8AD5D00D259FD /* WLMainViewController.m in Sources */ = {isa = PBXBuildFile; fileRef = F80724401DC8AD5D00D259FD /* WLMainViewController.m */; };
		F80724441DC8B2A500D259FD /* WLMainTableViewCell.m in Sources */ = {isa = PBXBuildFile; fileRef = F80724431DC8B2A500D259FD /* WLMainTableViewCell.m */; };
		F80724471DC8B31000D259FD /* WLMainTableViewDataSource.m in Sources */ = {isa = PBXBuildFile; fileRef = F80724461DC8B31000D259FD /* WLMainTableViewDataSource.m */; };
		F807244A1DC8DBC500D259FD /* Main.storyboard in Resources */ = {isa = PBXBuildFile; fileRef = F80724481DC8DBC500D259FD /* Main.storyboard */; };
		F8C445281DCADC63008252C7 /* WLBaseServerAPI.m in Sources */ = {isa = PBXBuildFile; fileRef = F8C445271DCADC63008252C7 /* WLBaseServerAPI.m */; };
		FDEB7D70CEC43C1A057FD501 /* libPods-WLTableView.a in Frameworks */ = {isa = PBXBuildFile; fileRef = 1B4FD3CDB7C87B59BC39CC7C /* libPods-WLTableView.a */; };
/* End PBXBuildFile section */

/* Begin PBXContainerItemProxy section */
		F80723F21DC7674900D259FD /* PBXContainerItemProxy */ = {
			isa = PBXContainerItemProxy;
			containerPortal = F80723D01DC7674900D259FD /* Project object */;
			proxyType = 1;
			remoteGlobalIDString = F80723D71DC7674900D259FD;
			remoteInfo = WLTableView;
		};
		F80723FD1DC7674900D259FD /* PBXContainerItemProxy */ = {
			isa = PBXContainerItemProxy;
			containerPortal = F80723D01DC7674900D259FD /* Project object */;
			proxyType = 1;
			remoteGlobalIDString = F80723D71DC7674900D259FD;
			remoteInfo = WLTableView;
		};
/* End PBXContainerItemProxy section */

/* Begin PBXFileReference section */
		1B4FD3CDB7C87B59BC39CC7C /* libPods-WLTableView.a */ = {isa = PBXFileReference; explicitFileType = archive.ar; includeInIndex = 0; path = "libPods-WLTableView.a"; sourceTree = BUILT_PRODUCTS_DIR; };
		38DE854694EC4048FCC91A2F /* Pods-WLTableView.debug.xcconfig */ = {isa = PBXFileReference; includeInIndex = 1; lastKnownFileType = text.xcconfig; name = "Pods-WLTableView.debug.xcconfig"; path = "Pods/Target Support Files/Pods-WLTableView/Pods-WLTableView.debug.xcconfig"; sourceTree = "<group>"; };
		7DA4BD5A40BDC326404F685A /* Pods-WLTableView.release.xcconfig */ = {isa = PBXFileReference; includeInIndex = 1; lastKnownFileType = text.xcconfig; name = "Pods-WLTableView.release.xcconfig"; path = "Pods/Target Support Files/Pods-WLTableView/Pods-WLTableView.release.xcconfig"; sourceTree = "<group>"; };
		F80723D81DC7674900D259FD /* WLTableView.app */ = {isa = PBXFileReference; explicitFileType = wrapper.application; includeInIndex = 0; path = WLTableView.app; sourceTree = BUILT_PRODUCTS_DIR; };
		F80723DC1DC7674900D259FD /* main.m */ = {isa = PBXFileReference; lastKnownFileType = sourcecode.c.objc; path = main.m; sourceTree = "<group>"; };
		F80723DE1DC7674900D259FD /* AppDelegate.h */ = {isa = PBXFileReference; lastKnownFileType = sourcecode.c.h; path = AppDelegate.h; sourceTree = "<group>"; };
		F80723DF1DC7674900D259FD /* AppDelegate.m */ = {isa = PBXFileReference; lastKnownFileType = sourcecode.c.objc; path = AppDelegate.m; sourceTree = "<group>"; };
		F80723E71DC7674900D259FD /* Assets.xcassets */ = {isa = PBXFileReference; lastKnownFileType = folder.assetcatalog; path = Assets.xcassets; sourceTree = "<group>"; };
		F80723EA1DC7674900D259FD /* Base */ = {isa = PBXFileReference; lastKnownFileType = file.storyboard; name = Base; path = Base.lproj/LaunchScreen.storyboard; sourceTree = "<group>"; };
		F80723EC1DC7674900D259FD /* Info.plist */ = {isa = PBXFileReference; lastKnownFileType = text.plist.xml; path = Info.plist; sourceTree = "<group>"; };
		F80723F11DC7674900D259FD /* WLTableViewTests.xctest */ = {isa = PBXFileReference; explicitFileType = wrapper.cfbundle; includeInIndex = 0; path = WLTableViewTests.xctest; sourceTree = BUILT_PRODUCTS_DIR; };
		F80723F51DC7674900D259FD /* WLTableViewTests.m */ = {isa = PBXFileReference; lastKnownFileType = sourcecode.c.objc; path = WLTableViewTests.m; sourceTree = "<group>"; };
		F80723F71DC7674900D259FD /* Info.plist */ = {isa = PBXFileReference; lastKnownFileType = text.plist.xml; path = Info.plist; sourceTree = "<group>"; };
		F80723FC1DC7674900D259FD /* WLTableViewUITests.xctest */ = {isa = PBXFileReference; explicitFileType = wrapper.cfbundle; includeInIndex = 0; path = WLTableViewUITests.xctest; sourceTree = BUILT_PRODUCTS_DIR; };
		F80724001DC7674900D259FD /* WLTableViewUITests.m */ = {isa = PBXFileReference; lastKnownFileType = sourcecode.c.objc; path = WLTableViewUITests.m; sourceTree = "<group>"; };
		F80724021DC7674900D259FD /* Info.plist */ = {isa = PBXFileReference; lastKnownFileType = text.plist.xml; path = Info.plist; sourceTree = "<group>"; };
		F80724111DC776FB00D259FD /* WLTableViewBaseItem.h */ = {isa = PBXFileReference; fileEncoding = 4; lastKnownFileType = sourcecode.c.h; path = WLTableViewBaseItem.h; sourceTree = "<group>"; };
		F80724121DC776FB00D259FD /* WLTableViewBaseItem.m */ = {isa = PBXFileReference; fileEncoding = 4; lastKnownFileType = sourcecode.c.objc; path = WLTableViewBaseItem.m; sourceTree = "<group>"; };
		F80724141DC77AA500D259FD /* WLTableViewBaseSectionObject.h */ = {isa = PBXFileReference; fileEncoding = 4; lastKnownFileType = sourcecode.c.h; path = WLTableViewBaseSectionObject.h; sourceTree = "<group>"; };
		F80724151DC77AA500D259FD /* WLTableViewBaseSectionObject.m */ = {isa = PBXFileReference; fileEncoding = 4; lastKnownFileType = sourcecode.c.objc; path = WLTableViewBaseSectionObject.m; sourceTree = "<group>"; };
		F80724171DC838D300D259FD /* WLTableViewDataSource.h */ = {isa = PBXFileReference; fileEncoding = 4; lastKnownFileType = sourcecode.c.h; path = WLTableViewDataSource.h; sourceTree = "<group>"; };
		F80724181DC838D300D259FD /* WLTableViewDataSource.m */ = {isa = PBXFileReference; fileEncoding = 4; lastKnownFileType = sourcecode.c.objc; path = WLTableViewDataSource.m; sourceTree = "<group>"; };
		F807241A1DC83D3A00D259FD /* WLBaseTableViewCell.h */ = {isa = PBXFileReference; fileEncoding = 4; lastKnownFileType = sourcecode.c.h; path = WLBaseTableViewCell.h; sourceTree = "<group>"; };
		F807241B1DC83D3A00D259FD /* WLBaseTableViewCell.m */ = {isa = PBXFileReference; fileEncoding = 4; lastKnownFileType = sourcecode.c.objc; path = WLBaseTableViewCell.m; sourceTree = "<group>"; };
		F807241F1DC8461700D259FD /* WLBaseTableView.h */ = {isa = PBXFileReference; fileEncoding = 4; lastKnownFileType = sourcecode.c.h; path = WLBaseTableView.h; sourceTree = "<group>"; };
		F80724201DC8461700D259FD /* WLBaseTableView.m */ = {isa = PBXFileReference; fileEncoding = 4; lastKnownFileType = sourcecode.c.objc; path = WLBaseTableView.m; sourceTree = "<group>"; };
		F80724221DC8706800D259FD /* WLBaseTableViewController.h */ = {isa = PBXFileReference; fileEncoding = 4; lastKnownFileType = sourcecode.c.h; path = WLBaseTableViewController.h; sourceTree = "<group>"; };
		F80724231DC8706800D259FD /* WLBaseTableViewController.m */ = {isa = PBXFileReference; fileEncoding = 4; lastKnownFileType = sourcecode.c.objc; path = WLBaseTableViewController.m; sourceTree = "<group>"; };
		F807243F1DC8AD5D00D259FD /* WLMainViewController.h */ = {isa = PBXFileReference; fileEncoding = 4; lastKnownFileType = sourcecode.c.h; path = WLMainViewController.h; sourceTree = "<group>"; };
		F80724401DC8AD5D00D259FD /* WLMainViewController.m */ = {isa = PBXFileReference; fileEncoding = 4; lastKnownFileType = sourcecode.c.objc; path = WLMainViewController.m; sourceTree = "<group>"; };
		F80724421DC8B2A500D259FD /* WLMainTableViewCell.h */ = {isa = PBXFileReference; fileEncoding = 4; lastKnownFileType = sourcecode.c.h; path = WLMainTableViewCell.h; sourceTree = "<group>"; };
		F80724431DC8B2A500D259FD /* WLMainTableViewCell.m */ = {isa = PBXFileReference; fileEncoding = 4; lastKnownFileType = sourcecode.c.objc; path = WLMainTableViewCell.m; sourceTree = "<group>"; };
		F80724451DC8B31000D259FD /* WLMainTableViewDataSource.h */ = {isa = PBXFileReference; fileEncoding = 4; lastKnownFileType = sourcecode.c.h; path = WLMainTableViewDataSource.h; sourceTree = "<group>"; };
		F80724461DC8B31000D259FD /* WLMainTableViewDataSource.m */ = {isa = PBXFileReference; fileEncoding = 4; lastKnownFileType = sourcecode.c.objc; path = WLMainTableViewDataSource.m; sourceTree = "<group>"; };
		F80724491DC8DBC500D259FD /* Base */ = {isa = PBXFileReference; lastKnownFileType = file.storyboard; name = Base; path = Base.lproj/Main.storyboard; sourceTree = "<group>"; };
		F8C445261DCADC63008252C7 /* WLBaseServerAPI.h */ = {isa = PBXFileReference; fileEncoding = 4; lastKnownFileType = sourcecode.c.h; name = WLBaseServerAPI.h; path = Bussiness/WLBaseServerAPI.h; sourceTree = "<group>"; };
		F8C445271DCADC63008252C7 /* WLBaseServerAPI.m */ = {isa = PBXFileReference; fileEncoding = 4; lastKnownFileType = sourcecode.c.objc; name = WLBaseServerAPI.m; path = Bussiness/WLBaseServerAPI.m; sourceTree = "<group>"; };
/* End PBXFileReference section */

/* Begin PBXFrameworksBuildPhase section */
		F80723D51DC7674900D259FD /* Frameworks */ = {
			isa = PBXFrameworksBuildPhase;
			buildActionMask = 2147483647;
			files = (
				FDEB7D70CEC43C1A057FD501 /* libPods-WLTableView.a in Frameworks */,
			);
			runOnlyForDeploymentPostprocessing = 0;
		};
		F80723EE1DC7674900D259FD /* Frameworks */ = {
			isa = PBXFrameworksBuildPhase;
			buildActionMask = 2147483647;
			files = (
			);
			runOnlyForDeploymentPostprocessing = 0;
		};
		F80723F91DC7674900D259FD /* Frameworks */ = {
			isa = PBXFrameworksBuildPhase;
			buildActionMask = 2147483647;
			files = (
			);
			runOnlyForDeploymentPostprocessing = 0;
		};
/* End PBXFrameworksBuildPhase section */

/* Begin PBXGroup section */
		99D1718F4524A4FA0534CDFA /* Frameworks */ = {
			isa = PBXGroup;
			children = (
				1B4FD3CDB7C87B59BC39CC7C /* libPods-WLTableView.a */,
			);
			name = Frameworks;
			sourceTree = "<group>";
		};
		A81D6DB41A692A79EF635099 /* Pods */ = {
			isa = PBXGroup;
			children = (
				38DE854694EC4048FCC91A2F /* Pods-WLTableView.debug.xcconfig */,
				7DA4BD5A40BDC326404F685A /* Pods-WLTableView.release.xcconfig */,
			);
			name = Pods;
			sourceTree = "<group>";
		};
		F80723CF1DC7674900D259FD = {
			isa = PBXGroup;
			children = (
				F80723DA1DC7674900D259FD /* WLTableView */,
				F80723F41DC7674900D259FD /* WLTableViewTests */,
				F80723FF1DC7674900D259FD /* WLTableViewUITests */,
				F80723D91DC7674900D259FD /* Products */,
				A81D6DB41A692A79EF635099 /* Pods */,
				99D1718F4524A4FA0534CDFA /* Frameworks */,
			);
			sourceTree = "<group>";
		};
		F80723D91DC7674900D259FD /* Products */ = {
			isa = PBXGroup;
			children = (
				F80723D81DC7674900D259FD /* WLTableView.app */,
				F80723F11DC7674900D259FD /* WLTableViewTests.xctest */,
				F80723FC1DC7674900D259FD /* WLTableViewUITests.xctest */,
			);
			name = Products;
			sourceTree = "<group>";
		};
		F80723DA1DC7674900D259FD /* WLTableView */ = {
			isa = PBXGroup;
			children = (
				F8C445251DCADC0E008252C7 /* Bussiness */,
				F807244B1DC9BF8600D259FD /* Main */,
				F80724101DC7768200D259FD /* Base */,
				F80723DE1DC7674900D259FD /* AppDelegate.h */,
				F80723DF1DC7674900D259FD /* AppDelegate.m */,
				F80723E71DC7674900D259FD /* Assets.xcassets */,
				F80724481DC8DBC500D259FD /* Main.storyboard */,
				F80723E91DC7674900D259FD /* LaunchScreen.storyboard */,
				F80723EC1DC7674900D259FD /* Info.plist */,
				F80723DB1DC7674900D259FD /* Supporting Files */,
			);
			path = WLTableView;
			sourceTree = "<group>";
		};
		F80723DB1DC7674900D259FD /* Supporting Files */ = {
			isa = PBXGroup;
			children = (
				F80723DC1DC7674900D259FD /* main.m */,
			);
			name = "Supporting Files";
			sourceTree = "<group>";
		};
		F80723F41DC7674900D259FD /* WLTableViewTests */ = {
			isa = PBXGroup;
			children = (
				F80723F51DC7674900D259FD /* WLTableViewTests.m */,
				F80723F71DC7674900D259FD /* Info.plist */,
			);
			path = WLTableViewTests;
			sourceTree = "<group>";
		};
		F80723FF1DC7674900D259FD /* WLTableViewUITests */ = {
			isa = PBXGroup;
			children = (
				F80724001DC7674900D259FD /* WLTableViewUITests.m */,
				F80724021DC7674900D259FD /* Info.plist */,
			);
			path = WLTableViewUITests;
			sourceTree = "<group>";
		};
		F80724101DC7768200D259FD /* Base */ = {
			isa = PBXGroup;
			children = (
				F80724111DC776FB00D259FD /* WLTableViewBaseItem.h */,
				F80724121DC776FB00D259FD /* WLTableViewBaseItem.m */,
				F80724141DC77AA500D259FD /* WLTableViewBaseSectionObject.h */,
				F80724151DC77AA500D259FD /* WLTableViewBaseSectionObject.m */,
				F80724171DC838D300D259FD /* WLTableViewDataSource.h */,
				F80724181DC838D300D259FD /* WLTableViewDataSource.m */,
				F807241A1DC83D3A00D259FD /* WLBaseTableViewCell.h */,
				F807241B1DC83D3A00D259FD /* WLBaseTableViewCell.m */,
				F807241F1DC8461700D259FD /* WLBaseTableView.h */,
				F80724201DC8461700D259FD /* WLBaseTableView.m */,
				F80724221DC8706800D259FD /* WLBaseTableViewController.h */,
				F80724231DC8706800D259FD /* WLBaseTableViewController.m */,
			);
			path = Base;
			sourceTree = "<group>";
		};
		F807244B1DC9BF8600D259FD /* Main */ = {
			isa = PBXGroup;
			children = (
				F807243F1DC8AD5D00D259FD /* WLMainViewController.h */,
				F80724401DC8AD5D00D259FD /* WLMainViewController.m */,
				F80724421DC8B2A500D259FD /* WLMainTableViewCell.h */,
				F80724431DC8B2A500D259FD /* WLMainTableViewCell.m */,
				F80724451DC8B31000D259FD /* WLMainTableViewDataSource.h */,
				F80724461DC8B31000D259FD /* WLMainTableViewDataSource.m */,
			);
			name = Main;
			sourceTree = "<group>";
		};
		F8C445251DCADC0E008252C7 /* Bussiness */ = {
			isa = PBXGroup;
			children = (
				F8C445261DCADC63008252C7 /* WLBaseServerAPI.h */,
				F8C445271DCADC63008252C7 /* WLBaseServerAPI.m */,
			);
			name = Bussiness;
			sourceTree = "<group>";
		};
/* End PBXGroup section */

/* Begin PBXNativeTarget section */
		F80723D71DC7674900D259FD /* WLTableView */ = {
			isa = PBXNativeTarget;
			buildConfigurationList = F80724051DC7674900D259FD /* Build configuration list for PBXNativeTarget "WLTableView" */;
			buildPhases = (
				60C76BA3D7D7A1F9895BE455 /* [CP] Check Pods Manifest.lock */,
				F80723D41DC7674900D259FD /* Sources */,
				F80723D51DC7674900D259FD /* Frameworks */,
				F80723D61DC7674900D259FD /* Resources */,
				91D817FCD98D9E89803CFEA2 /* [CP] Embed Pods Frameworks */,
				3554ABED342B71BF057F88AD /* [CP] Copy Pods Resources */,
			);
			buildRules = (
			);
			dependencies = (
			);
			name = WLTableView;
			productName = WLTableView;
			productReference = F80723D81DC7674900D259FD /* WLTableView.app */;
			productType = "com.apple.product-type.application";
		};
		F80723F01DC7674900D259FD /* WLTableViewTests */ = {
			isa = PBXNativeTarget;
			buildConfigurationList = F80724081DC7674900D259FD /* Build configuration list for PBXNativeTarget "WLTableViewTests" */;
			buildPhases = (
				F80723ED1DC7674900D259FD /* Sources */,
				F80723EE1DC7674900D259FD /* Frameworks */,
				F80723EF1DC7674900D259FD /* Resources */,
			);
			buildRules = (
			);
			dependencies = (
				F80723F31DC7674900D259FD /* PBXTargetDependency */,
			);
			name = WLTableViewTests;
			productName = WLTableViewTests;
			productReference = F80723F11DC7674900D259FD /* WLTableViewTests.xctest */;
			productType = "com.apple.product-type.bundle.unit-test";
		};
		F80723FB1DC7674900D259FD /* WLTableViewUITests */ = {
			isa = PBXNativeTarget;
			buildConfigurationList = F807240B1DC7674900D259FD /* Build configuration list for PBXNativeTarget "WLTableViewUITests" */;
			buildPhases = (
				F80723F81DC7674900D259FD /* Sources */,
				F80723F91DC7674900D259FD /* Frameworks */,
				F80723FA1DC7674900D259FD /* Resources */,
			);
			buildRules = (
			);
			dependencies = (
				F80723FE1DC7674900D259FD /* PBXTargetDependency */,
			);
			name = WLTableViewUITests;
			productName = WLTableViewUITests;
			productReference = F80723FC1DC7674900D259FD /* WLTableViewUITests.xctest */;
			productType = "com.apple.product-type.bundle.ui-testing";
		};
/* End PBXNativeTarget section */

/* Begin PBXProject section */
		F80723D01DC7674900D259FD /* Project object */ = {
			isa = PBXProject;
			attributes = {
				LastUpgradeCheck = 0800;
				ORGANIZATIONNAME = LiuQingcan;
				TargetAttributes = {
					F80723D71DC7674900D259FD = {
						CreatedOnToolsVersion = 8.0;
						ProvisioningStyle = Automatic;
					};
					F80723F01DC7674900D259FD = {
						CreatedOnToolsVersion = 8.0;
						ProvisioningStyle = Automatic;
						TestTargetID = F80723D71DC7674900D259FD;
					};
					F80723FB1DC7674900D259FD = {
						CreatedOnToolsVersion = 8.0;
						ProvisioningStyle = Automatic;
						TestTargetID = F80723D71DC7674900D259FD;
					};
				};
			};
			buildConfigurationList = F80723D31DC7674900D259FD /* Build configuration list for PBXProject "WLTableView" */;
			compatibilityVersion = "Xcode 3.2";
			developmentRegion = English;
			hasScannedForEncodings = 0;
			knownRegions = (
				en,
				Base,
			);
			mainGroup = F80723CF1DC7674900D259FD;
			productRefGroup = F80723D91DC7674900D259FD /* Products */;
			projectDirPath = "";
			projectRoot = "";
			targets = (
				F80723D71DC7674900D259FD /* WLTableView */,
				F80723F01DC7674900D259FD /* WLTableViewTests */,
				F80723FB1DC7674900D259FD /* WLTableViewUITests */,
			);
		};
/* End PBXProject section */

/* Begin PBXResourcesBuildPhase section */
		F80723D61DC7674900D259FD /* Resources */ = {
			isa = PBXResourcesBuildPhase;
			buildActionMask = 2147483647;
			files = (
				F807244A1DC8DBC500D259FD /* Main.storyboard in Resources */,
				F80723EB1DC7674900D259FD /* LaunchScreen.storyboard in Resources */,
				F80723E81DC7674900D259FD /* Assets.xcassets in Resources */,
			);
			runOnlyForDeploymentPostprocessing = 0;
		};
		F80723EF1DC7674900D259FD /* Resources */ = {
			isa = PBXResourcesBuildPhase;
			buildActionMask = 2147483647;
			files = (
			);
			runOnlyForDeploymentPostprocessing = 0;
		};
		F80723FA1DC7674900D259FD /* Resources */ = {
			isa = PBXResourcesBuildPhase;
			buildActionMask = 2147483647;
			files = (
			);
			runOnlyForDeploymentPostprocessing = 0;
		};
/* End PBXResourcesBuildPhase section */

/* Begin PBXShellScriptBuildPhase section */
		3554ABED342B71BF057F88AD /* [CP] Copy Pods Resources */ = {
			isa = PBXShellScriptBuildPhase;
			buildActionMask = 2147483647;
			files = (
			);
			inputPaths = (
			);
			name = "[CP] Copy Pods Resources";
			outputPaths = (
			);
			runOnlyForDeploymentPostprocessing = 0;
			shellPath = /bin/sh;
			shellScript = "\"${SRCROOT}/Pods/Target Support Files/Pods-WLTableView/Pods-WLTableView-resources.sh\"\n";
			showEnvVarsInLog = 0;
		};
		60C76BA3D7D7A1F9895BE455 /* [CP] Check Pods Manifest.lock */ = {
			isa = PBXShellScriptBuildPhase;
			buildActionMask = 2147483647;
			files = (
			);
			inputPaths = (
			);
			name = "[CP] Check Pods Manifest.lock";
			outputPaths = (
			);
			runOnlyForDeploymentPostprocessing = 0;
			shellPath = /bin/sh;
			shellScript = "diff \"${PODS_ROOT}/../Podfile.lock\" \"${PODS_ROOT}/Manifest.lock\" > /dev/null\nif [ $? != 0 ] ; then\n    # print error to STDERR\n    echo \"error: The sandbox is not in sync with the Podfile.lock. Run 'pod install' or update your CocoaPods installation.\" >&2\n    exit 1\nfi\n";
			showEnvVarsInLog = 0;
		};
		91D817FCD98D9E89803CFEA2 /* [CP] Embed Pods Frameworks */ = {
			isa = PBXShellScriptBuildPhase;
			buildActionMask = 2147483647;
			files = (
			);
			inputPaths = (
			);
			name = "[CP] Embed Pods Frameworks";
			outputPaths = (
			);
			runOnlyForDeploymentPostprocessing = 0;
			shellPath = /bin/sh;
			shellScript = "\"${SRCROOT}/Pods/Target Support Files/Pods-WLTableView/Pods-WLTableView-frameworks.sh\"\n";
			showEnvVarsInLog = 0;
		};
/* End PBXShellScriptBuildPhase section */

/* Begin PBXSourcesBuildPhase section */
		F80723D41DC7674900D259FD /* Sources */ = {
			isa = PBXSourcesBuildPhase;
			buildActionMask = 2147483647;
			files = (
				F80724161DC77AA500D259FD /* WLTableViewBaseSectionObject.m in Sources */,
				F807241C1DC83D3A00D259FD /* WLBaseTableViewCell.m in Sources */,
				F80724191DC838D300D259FD /* WLTableViewDataSource.m in Sources */,
				F8C445281DCADC63008252C7 /* WLBaseServerAPI.m in Sources */,
				F80724131DC776FB00D259FD /* WLTableViewBaseItem.m in Sources */,
				F80724471DC8B31000D259FD /* WLMainTableViewDataSource.m in Sources */,
				F80724441DC8B2A500D259FD /* WLMainTableViewCell.m in Sources */,
				F80724241DC8706800D259FD /* WLBaseTableViewController.m in Sources */,
				F80724411DC8AD5D00D259FD /* WLMainViewController.m in Sources */,
				F80724211DC8461700D259FD /* WLBaseTableView.m in Sources */,
				F80723E01DC7674900D259FD /* AppDelegate.m in Sources */,
				F80723DD1DC7674900D259FD /* main.m in Sources */,
			);
			runOnlyForDeploymentPostprocessing = 0;
		};
		F80723ED1DC7674900D259FD /* Sources */ = {
			isa = PBXSourcesBuildPhase;
			buildActionMask = 2147483647;
			files = (
				F80723F61DC7674900D259FD /* WLTableViewTests.m in Sources */,
			);
			runOnlyForDeploymentPostprocessing = 0;
		};
		F80723F81DC7674900D259FD /* Sources */ = {
			isa = PBXSourcesBuildPhase;
			buildActionMask = 2147483647;
			files = (
				F80724011DC7674900D259FD /* WLTableViewUITests.m in Sources */,
			);
			runOnlyForDeploymentPostprocessing = 0;
		};
/* End PBXSourcesBuildPhase section */

/* Begin PBXTargetDependency section */
		F80723F31DC7674900D259FD /* PBXTargetDependency */ = {
			isa = PBXTargetDependency;
			target = F80723D71DC7674900D259FD /* WLTableView */;
			targetProxy = F80723F21DC7674900D259FD /* PBXContainerItemProxy */;
		};
		F80723FE1DC7674900D259FD /* PBXTargetDependency */ = {
			isa = PBXTargetDependency;
			target = F80723D71DC7674900D259FD /* WLTableView */;
			targetProxy = F80723FD1DC7674900D259FD /* PBXContainerItemProxy */;
		};
/* End PBXTargetDependency section */

/* Begin PBXVariantGroup section */
		F80723E91DC7674900D259FD /* LaunchScreen.storyboard */ = {
			isa = PBXVariantGroup;
			children = (
				F80723EA1DC7674900D259FD /* Base */,
			);
			name = LaunchScreen.storyboard;
			sourceTree = "<group>";
		};
		F80724481DC8DBC500D259FD /* Main.storyboard */ = {
			isa = PBXVariantGroup;
			children = (
				F80724491DC8DBC500D259FD /* Base */,
			);
			name = Main.storyboard;
			sourceTree = "<group>";
		};
/* End PBXVariantGroup section */

/* Begin XCBuildConfiguration section */
		F80724031DC7674900D259FD /* Debug */ = {
			isa = XCBuildConfiguration;
			buildSettings = {
				ALWAYS_SEARCH_USER_PATHS = NO;
				CLANG_ANALYZER_NONNULL = YES;
				CLANG_CXX_LANGUAGE_STANDARD = "gnu++0x";
				CLANG_CXX_LIBRARY = "libc++";
				CLANG_ENABLE_MODULES = YES;
				CLANG_ENABLE_OBJC_ARC = YES;
				CLANG_WARN_BOOL_CONVERSION = YES;
				CLANG_WARN_CONSTANT_CONVERSION = YES;
				CLANG_WARN_DIRECT_OBJC_ISA_USAGE = YES_ERROR;
				CLANG_WARN_DOCUMENTATION_COMMENTS = YES;
				CLANG_WARN_EMPTY_BODY = YES;
				CLANG_WARN_ENUM_CONVERSION = YES;
				CLANG_WARN_INFINITE_RECURSION = YES;
				CLANG_WARN_INT_CONVERSION = YES;
				CLANG_WARN_OBJC_ROOT_CLASS = YES_ERROR;
				CLANG_WARN_SUSPICIOUS_MOVES = YES;
				CLANG_WARN_UNREACHABLE_CODE = YES;
				CLANG_WARN__DUPLICATE_METHOD_MATCH = YES;
				"CODE_SIGN_IDENTITY[sdk=iphoneos*]" = "iPhone Developer";
				COPY_PHASE_STRIP = NO;
				DEBUG_INFORMATION_FORMAT = dwarf;
				ENABLE_STRICT_OBJC_MSGSEND = YES;
				ENABLE_TESTABILITY = YES;
				GCC_C_LANGUAGE_STANDARD = gnu99;
				GCC_DYNAMIC_NO_PIC = NO;
				GCC_NO_COMMON_BLOCKS = YES;
				GCC_OPTIMIZATION_LEVEL = 0;
				GCC_PREPROCESSOR_DEFINITIONS = (
					"DEBUG=1",
					"$(inherited)",
				);
				GCC_WARN_64_TO_32_BIT_CONVERSION = YES;
				GCC_WARN_ABOUT_RETURN_TYPE = YES_ERROR;
				GCC_WARN_UNDECLARED_SELECTOR = YES;
				GCC_WARN_UNINITIALIZED_AUTOS = YES_AGGRESSIVE;
				GCC_WARN_UNUSED_FUNCTION = YES;
				GCC_WARN_UNUSED_VARIABLE = YES;
				IPHONEOS_DEPLOYMENT_TARGET = 10.0;
				MTL_ENABLE_DEBUG_INFO = YES;
				ONLY_ACTIVE_ARCH = YES;
				SDKROOT = iphoneos;
			};
			name = Debug;
		};
		F80724041DC7674900D259FD /* Release */ = {
			isa = XCBuildConfiguration;
			buildSettings = {
				ALWAYS_SEARCH_USER_PATHS = NO;
				CLANG_ANALYZER_NONNULL = YES;
				CLANG_CXX_LANGUAGE_STANDARD = "gnu++0x";
				CLANG_CXX_LIBRARY = "libc++";
				CLANG_ENABLE_MODULES = YES;
				CLANG_ENABLE_OBJC_ARC = YES;
				CLANG_WARN_BOOL_CONVERSION = YES;
				CLANG_WARN_CONSTANT_CONVERSION = YES;
				CLANG_WARN_DIRECT_OBJC_ISA_USAGE = YES_ERROR;
				CLANG_WARN_DOCUMENTATION_COMMENTS = YES;
				CLANG_WARN_EMPTY_BODY = YES;
				CLANG_WARN_ENUM_CONVERSION = YES;
				CLANG_WARN_INFINITE_RECURSION = YES;
				CLANG_WARN_INT_CONVERSION = YES;
				CLANG_WARN_OBJC_ROOT_CLASS = YES_ERROR;
				CLANG_WARN_SUSPICIOUS_MOVES = YES;
				CLANG_WARN_UNREACHABLE_CODE = YES;
				CLANG_WARN__DUPLICATE_METHOD_MATCH = YES;
				"CODE_SIGN_IDENTITY[sdk=iphoneos*]" = "iPhone Developer";
				COPY_PHASE_STRIP = NO;
				DEBUG_INFORMATION_FORMAT = "dwarf-with-dsym";
				ENABLE_NS_ASSERTIONS = NO;
				ENABLE_STRICT_OBJC_MSGSEND = YES;
				GCC_C_LANGUAGE_STANDARD = gnu99;
				GCC_NO_COMMON_BLOCKS = YES;
				GCC_WARN_64_TO_32_BIT_CONVERSION = YES;
				GCC_WARN_ABOUT_RETURN_TYPE = YES_ERROR;
				GCC_WARN_UNDECLARED_SELECTOR = YES;
				GCC_WARN_UNINITIALIZED_AUTOS = YES_AGGRESSIVE;
				GCC_WARN_UNUSED_FUNCTION = YES;
				GCC_WARN_UNUSED_VARIABLE = YES;
				IPHONEOS_DEPLOYMENT_TARGET = 10.0;
				MTL_ENABLE_DEBUG_INFO = NO;
				SDKROOT = iphoneos;
				VALIDATE_PRODUCT = YES;
			};
			name = Release;
		};
		F80724061DC7674900D259FD /* Debug */ = {
			isa = XCBuildConfiguration;
			baseConfigurationReference = 38DE854694EC4048FCC91A2F /* Pods-WLTableView.debug.xcconfig */;
			buildSettings = {
				ASSETCATALOG_COMPILER_APPICON_NAME = AppIcon;
				INFOPLIST_FILE = WLTableView/Info.plist;
				IPHONEOS_DEPLOYMENT_TARGET = 9.2;
				LD_RUNPATH_SEARCH_PATHS = "$(inherited) @executable_path/Frameworks";
				PRODUCT_BUNDLE_IDENTIFIER = Baidu.WLTableView;
				PRODUCT_NAME = "$(TARGET_NAME)";
			};
			name = Debug;
		};
		F80724071DC7674900D259FD /* Release */ = {
			isa = XCBuildConfiguration;
			baseConfigurationReference = 7DA4BD5A40BDC326404F685A /* Pods-WLTableView.release.xcconfig */;
			buildSettings = {
				ASSETCATALOG_COMPILER_APPICON_NAME = AppIcon;
				INFOPLIST_FILE = WLTableView/Info.plist;
				IPHONEOS_DEPLOYMENT_TARGET = 9.2;
				LD_RUNPATH_SEARCH_PATHS = "$(inherited) @executable_path/Frameworks";
				PRODUCT_BUNDLE_IDENTIFIER = Baidu.WLTableView;
				PRODUCT_NAME = "$(TARGET_NAME)";
			};
			name = Release;
		};
		F80724091DC7674900D259FD /* Debug */ = {
			isa = XCBuildConfiguration;
			buildSettings = {
				BUNDLE_LOADER = "$(TEST_HOST)";
				INFOPLIST_FILE = WLTableViewTests/Info.plist;
				LD_RUNPATH_SEARCH_PATHS = "$(inherited) @executable_path/Frameworks @loader_path/Frameworks";
				PRODUCT_BUNDLE_IDENTIFIER = Baidu.WLTableViewTests;
				PRODUCT_NAME = "$(TARGET_NAME)";
				TEST_HOST = "$(BUILT_PRODUCTS_DIR)/WLTableView.app/WLTableView";
			};
			name = Debug;
		};
		F807240A1DC7674900D259FD /* Release */ = {
			isa = XCBuildConfiguration;
			buildSettings = {
				BUNDLE_LOADER = "$(TEST_HOST)";
				INFOPLIST_FILE = WLTableViewTests/Info.plist;
				LD_RUNPATH_SEARCH_PATHS = "$(inherited) @executable_path/Frameworks @loader_path/Frameworks";
				PRODUCT_BUNDLE_IDENTIFIER = Baidu.WLTableViewTests;
				PRODUCT_NAME = "$(TARGET_NAME)";
				TEST_HOST = "$(BUILT_PRODUCTS_DIR)/WLTableView.app/WLTableView";
			};
			name = Release;
		};
		F807240C1DC7674900D259FD /* Debug */ = {
			isa = XCBuildConfiguration;
			buildSettings = {
				INFOPLIST_FILE = WLTableViewUITests/Info.plist;
				LD_RUNPATH_SEARCH_PATHS = "$(inherited) @executable_path/Frameworks @loader_path/Frameworks";
				PRODUCT_BUNDLE_IDENTIFIER = Baidu.WLTableViewUITests;
				PRODUCT_NAME = "$(TARGET_NAME)";
				TEST_TARGET_NAME = WLTableView;
			};
			name = Debug;
		};
		F807240D1DC7674900D259FD /* Release */ = {
			isa = XCBuildConfiguration;
			buildSettings = {
				INFOPLIST_FILE = WLTableViewUITests/Info.plist;
				LD_RUNPATH_SEARCH_PATHS = "$(inherited) @executable_path/Frameworks @loader_path/Frameworks";
				PRODUCT_BUNDLE_IDENTIFIER = Baidu.WLTableViewUITests;
				PRODUCT_NAME = "$(TARGET_NAME)";
				TEST_TARGET_NAME = WLTableView;
			};
			name = Release;
		};
/* End XCBuildConfiguration section */

/* Begin XCConfigurationList section */
		F80723D31DC7674900D259FD /* Build configuration list for PBXProject "WLTableView" */ = {
			isa = XCConfigurationList;
			buildConfigurations = (
				F80724031DC7674900D259FD /* Debug */,
				F80724041DC7674900D259FD /* Release */,
			);
			defaultConfigurationIsVisible = 0;
			defaultConfigurationName = Release;
		};
		F80724051DC7674900D259FD /* Build configuration list for PBXNativeTarget "WLTableView" */ = {
			isa = XCConfigurationList;
			buildConfigurations = (
				F80724061DC7674900D259FD /* Debug */,
				F80724071DC7674900D259FD /* Release */,
			);
			defaultConfigurationIsVisible = 0;
			defaultConfigurationName = Release;
		};
		F80724081DC7674900D259FD /* Build configuration list for PBXNativeTarget "WLTableViewTests" */ = {
			isa = XCConfigurationList;
			buildConfigurations = (
				F80724091DC7674900D259FD /* Debug */,
				F807240A1DC7674900D259FD /* Release */,
			);
			defaultConfigurationIsVisible = 0;
			defaultConfigurationName = Release;
		};
		F807240B1DC7674900D259FD /* Build configuration list for PBXNativeTarget "WLTableViewUITests" */ = {
			isa = XCConfigurationList;
			buildConfigurations = (
				F807240C1DC7674900D259FD /* Debug */,
				F807240D1DC7674900D259FD /* Release */,
			);
			defaultConfigurationIsVisible = 0;
			defaultConfigurationName = Release;
		};
/* End XCConfigurationList section */
	};
	rootObject = F80723D01DC7674900D259FD /* Project object */;
}
